
Microsoft Visual Studio Solution File, Format Version 12.00
# Visual Studio Version 17
VisualStudioVersion = 17.8.34330.188
MinimumVisualStudioVersion = 10.0.40219.1
Project("{2150E333-8FDC-42A3-9474-1A3956D46DE8}") = "Solution Items", "Solution Items", "{7658D2C3-3DAB-4D53-B9B9-6D526D7B42CE}"
	ProjectSection(SolutionItems) = preProject
		.dockerignore = .dockerignore
		.editorconfig = .editorconfig
		.gitattributes = .gitattributes
		.gitignore = .gitignore
	EndProjectSection
EndProject
Project("{9A19103F-16F7-4668-BE54-9A1E7A4F7556}") = "Logitar.Master.Contracts", "src\Logitar.Master.Contracts\Logitar.Master.Contracts.csproj", "{2AA3C200-D006-4C1A-AA9A-1F17F5F56CB2}"
EndProject
Project("{9A19103F-16F7-4668-BE54-9A1E7A4F7556}") = "Logitar.Master.Domain", "src\Logitar.Master.Domain\Logitar.Master.Domain.csproj", "{AA10774D-0E8C-48CB-8532-0BDCAD08B4A1}"
EndProject
Project("{FAE04EC0-301F-11D3-BF4B-00C04F79EFBC}") = "Logitar.Master.Application", "src\Logitar.Master.Application\Logitar.Master.Application.csproj", "{3178833B-7C98-4919-AC91-03700AED6530}"
EndProject
Project("{FAE04EC0-301F-11D3-BF4B-00C04F79EFBC}") = "Logitar.Master.Infrastructure", "src\Logitar.Master.Infrastructure\Logitar.Master.Infrastructure.csproj", "{2D42F673-D370-4C66-9CF2-BD85845E0C3B}"
EndProject
Global
	GlobalSection(SolutionConfigurationPlatforms) = preSolution
		Debug|Any CPU = Debug|Any CPU
		Release|Any CPU = Release|Any CPU
	EndGlobalSection
	GlobalSection(ProjectConfigurationPlatforms) = postSolution
		{2AA3C200-D006-4C1A-AA9A-1F17F5F56CB2}.Debug|Any CPU.ActiveCfg = Debug|Any CPU
		{2AA3C200-D006-4C1A-AA9A-1F17F5F56CB2}.Debug|Any CPU.Build.0 = Debug|Any CPU
		{2AA3C200-D006-4C1A-AA9A-1F17F5F56CB2}.Release|Any CPU.ActiveCfg = Release|Any CPU
		{2AA3C200-D006-4C1A-AA9A-1F17F5F56CB2}.Release|Any CPU.Build.0 = Release|Any CPU
		{AA10774D-0E8C-48CB-8532-0BDCAD08B4A1}.Debug|Any CPU.ActiveCfg = Debug|Any CPU
		{AA10774D-0E8C-48CB-8532-0BDCAD08B4A1}.Debug|Any CPU.Build.0 = Debug|Any CPU
		{AA10774D-0E8C-48CB-8532-0BDCAD08B4A1}.Release|Any CPU.ActiveCfg = Release|Any CPU
		{AA10774D-0E8C-48CB-8532-0BDCAD08B4A1}.Release|Any CPU.Build.0 = Release|Any CPU
		{3178833B-7C98-4919-AC91-03700AED6530}.Debug|Any CPU.ActiveCfg = Debug|Any CPU
		{3178833B-7C98-4919-AC91-03700AED6530}.Debug|Any CPU.Build.0 = Debug|Any CPU
		{3178833B-7C98-4919-AC91-03700AED6530}.Release|Any CPU.ActiveCfg = Release|Any CPU
		{3178833B-7C98-4919-AC91-03700AED6530}.Release|Any CPU.Build.0 = Release|Any CPU
		{2D42F673-D370-4C66-9CF2-BD85845E0C3B}.Debug|Any CPU.ActiveCfg = Debug|Any CPU
		{2D42F673-D370-4C66-9CF2-BD85845E0C3B}.Debug|Any CPU.Build.0 = Debug|Any CPU
		{2D42F673-D370-4C66-9CF2-BD85845E0C3B}.Release|Any CPU.ActiveCfg = Release|Any CPU
		{2D42F673-D370-4C66-9CF2-BD85845E0C3B}.Release|Any CPU.Build.0 = Release|Any CPU
	EndGlobalSection
	GlobalSection(SolutionProperties) = preSolution
		HideSolutionNode = FALSE
	EndGlobalSection
	GlobalSection(ExtensibilityGlobals) = postSolution
		SolutionGuid = {CCF60C24-032E-427A-BE4D-FF790E0B0C5E}
	EndGlobalSection
EndGlobal
